Microsoft Visual Studio Solution File, Format Version 11.00
# Visual Studio 2008

Project("{B6E40145-27DF-EF61-892B-AE3AC0A3F073}") = "HotlineMiami", "Assembly-CSharp.csproj", "{3C1E951F-2262-D7D4-EB27-D4DD831FB785}"
EndProject
Global
	GlobalSection(SolutionConfigurationPlatforms) = preSolution
		Debug|Any CPU = Debug|Any CPU
		Release|Any CPU = Release|Any CPU
	EndGlobalSection
	GlobalSection(ProjectConfigurationPlatforms) = postSolution
		{3C1E951F-2262-D7D4-EB27-D4DD831FB785}.Debug|Any CPU.ActiveCfg = Debug|Any CPU
		{3C1E951F-2262-D7D4-EB27-D4DD831FB785}.Debug|Any CPU.Build.0 = Debug|Any CPU
		{3C1E951F-2262-D7D4-EB27-D4DD831FB785}.Release|Any CPU.ActiveCfg = Release|Any CPU
		{3C1E951F-2262-D7D4-EB27-D4DD831FB785}.Release|Any CPU.Build.0 = Release|Any CPU
	EndGlobalSection
	GlobalSection(SolutionProperties) = preSolution
		HideSolutionNode = FALSE
	EndGlobalSection
	GlobalSection(MonoDevelopProperties) = preSolution
		StartupItem = Assembly-CSharp.csproj
	EndGlobalSection
EndGlobal
