Microsoft Visual Studio Solution File, Format Version 11.00
# Visual Studio 2008

Project("{CBCD0F5A-ADB4-C768-18C0-9AECAF6B909E}") = "NEWHotlineToronto2", "Assembly-CSharp.csproj", "{6BAECC53-A4D6-ADC1-207D-599E02A5D01D}"
EndProject
Global
	GlobalSection(SolutionConfigurationPlatforms) = preSolution
		Debug|Any CPU = Debug|Any CPU
		Release|Any CPU = Release|Any CPU
	EndGlobalSection
	GlobalSection(ProjectConfigurationPlatforms) = postSolution
		{6BAECC53-A4D6-ADC1-207D-599E02A5D01D}.Debug|Any CPU.ActiveCfg = Debug|Any CPU
		{6BAECC53-A4D6-ADC1-207D-599E02A5D01D}.Debug|Any CPU.Build.0 = Debug|Any CPU
		{6BAECC53-A4D6-ADC1-207D-599E02A5D01D}.Release|Any CPU.ActiveCfg = Release|Any CPU
		{6BAECC53-A4D6-ADC1-207D-599E02A5D01D}.Release|Any CPU.Build.0 = Release|Any CPU
	EndGlobalSection
	GlobalSection(SolutionProperties) = preSolution
		HideSolutionNode = FALSE
	EndGlobalSection
	GlobalSection(MonoDevelopProperties) = preSolution
		StartupItem = Assembly-CSharp.csproj
	EndGlobalSection
EndGlobal
